{
  "name": "joplin-renderer",
  "version": "1.0.8",
  "lockfileVersion": 1,
  "requires": true,
  "dependencies": {
    "argparse": {
      "version": "1.0.10",
      "resolved": "https://registry.npmjs.org/argparse/-/argparse-1.0.10.tgz",
      "integrity": "sha512-o5Roy6tNG4SL/FOkCAN6RzjiakZS25RLYFrcMttJqbdd8BWrnA+fGz57iN5Pb06pvBGvl5gQ0B48dJlslXvoTg==",
      "requires": {
        "sprintf-js": "~1.0.2"
      }
    },
    "balanced-match": {
      "version": "1.0.0",
      "resolved": "https://registry.npmjs.org/balanced-match/-/balanced-match-1.0.0.tgz",
      "integrity": "sha1-ibTRmasr7kneFk6gK4nORi1xt2c=",
      "dev": true
    },
    "base-64": {
      "version": "0.1.0",
      "resolved": "https://registry.npmjs.org/base-64/-/base-64-0.1.0.tgz",
      "integrity": "sha1-eAqZyE59YAJgNhURxId2E78k9rs="
    },
    "brace-expansion": {
      "version": "1.1.11",
      "resolved": "https://registry.npmjs.org/brace-expansion/-/brace-expansion-1.1.11.tgz",
      "integrity": "sha512-iCuPHDFgrHX7H2vEI/5xpz07zSHB00TpugqhmYtVmMO6518mCuRMoOYFldEBl0g187ufozdaHgWKcYFb61qGiA==",
      "dev": true,
      "requires": {
        "balanced-match": "^1.0.0",
        "concat-map": "0.0.1"
      }
    },
    "charenc": {
      "version": "0.0.2",
      "resolved": "https://registry.npmjs.org/charenc/-/charenc-0.0.2.tgz",
      "integrity": "sha1-wKHS86cJLgN3S/qD8UwPxXkKhmc="
    },
    "commander": {
      "version": "2.20.3",
      "resolved": "https://registry.npmjs.org/commander/-/commander-2.20.3.tgz",
      "integrity": "sha512-GpVkmM8vF2vQUkj2LvZmD35JxeJOLCwJ9cUkugyk2nuhbv3+mJvpLYYt+0+USMxE+oj+ey/lJEnhZw75x/OMcQ=="
    },
    "concat-map": {
      "version": "0.0.1",
      "resolved": "https://registry.npmjs.org/concat-map/-/concat-map-0.0.1.tgz",
      "integrity": "sha1-2Klr13/Wjfd5OnMDajug1UBdR3s=",
      "dev": true
    },
    "crypt": {
      "version": "0.0.2",
      "resolved": "https://registry.npmjs.org/crypt/-/crypt-0.0.2.tgz",
      "integrity": "sha1-iNf/fsDfuG9xPch7u0LQRNPmxBs="
    },
    "entities": {
      "version": "2.0.0",
      "resolved": "https://registry.npmjs.org/entities/-/entities-2.0.0.tgz",
      "integrity": "sha512-D9f7V0JSRwIxlRI2mjMqufDrRDnx8p+eEOz7aUM9SuvF8gsBzra0/6tbjl1m8eQHrZlYj6PxqE00hZ1SAIKPLw=="
    },
    "font-awesome-filetypes": {
      "version": "2.1.0",
      "resolved": "https://registry.npmjs.org/font-awesome-filetypes/-/font-awesome-filetypes-2.1.0.tgz",
      "integrity": "sha512-U6hi14GRjfZFIWsTNyVmCBuHyPhiizWEKVbaQqHipKQv3rA1l1PNvmKulzpqxonFnQMToty5ZhfWbc/0IjLDGA=="
    },
    "fs-extra": {
      "version": "8.1.0",
      "resolved": "https://registry.npmjs.org/fs-extra/-/fs-extra-8.1.0.tgz",
      "integrity": "sha512-yhlQgA6mnOJUKOsRUFsgJdQCvkKhcz8tlZG5HBQfReYZy46OwLcY+Zia0mtdHsOo9y/hP+CxMN0TU9QxoOtG4g==",
      "requires": {
        "graceful-fs": "^4.2.0",
        "jsonfile": "^4.0.0",
        "universalify": "^0.1.0"
      }
    },
    "fs.realpath": {
      "version": "1.0.0",
      "resolved": "https://registry.npmjs.org/fs.realpath/-/fs.realpath-1.0.0.tgz",
      "integrity": "sha1-FQStJSMVjKpA20onh8sBQRmU6k8=",
      "dev": true
    },
    "glob": {
      "version": "7.1.6",
      "resolved": "https://registry.npmjs.org/glob/-/glob-7.1.6.tgz",
      "integrity": "sha512-LwaxwyZ72Lk7vZINtNNrywX0ZuLyStrdDtabefZKAY5ZGJhVtgdznluResxNmPitE0SAO+O26sWTHeKSI2wMBA==",
      "dev": true,
      "requires": {
        "fs.realpath": "^1.0.0",
        "inflight": "^1.0.4",
        "inherits": "2",
        "minimatch": "^3.0.4",
        "once": "^1.3.0",
        "path-is-absolute": "^1.0.0"
      }
    },
    "graceful-fs": {
      "version": "4.2.3",
      "resolved": "https://registry.npmjs.org/graceful-fs/-/graceful-fs-4.2.3.tgz",
      "integrity": "sha512-a30VEBm4PEdx1dRB7MFK7BejejvCvBronbLjht+sHuGYj8PHs7M/5Z+rt5lw551vZ7yfTCj4Vuyy3mSJytDWRQ=="
    },
    "handlebars": {
      "version": "4.5.3",
      "resolved": "https://registry.npmjs.org/handlebars/-/handlebars-4.5.3.tgz",
      "integrity": "sha512-3yPecJoJHK/4c6aZhSvxOyG4vJKDshV36VHp0iVCDVh7o9w2vwi3NSnL2MMPj3YdduqaBcu7cGbggJQM0br9xA==",
      "requires": {
        "neo-async": "^2.6.0",
        "optimist": "^0.6.1",
        "source-map": "^0.6.1",
        "uglify-js": "^3.1.4"
      }
    },
    "highlight.js": {
      "version": "9.17.1",
      "resolved": "https://registry.npmjs.org/highlight.js/-/highlight.js-9.17.1.tgz",
      "integrity": "sha512-TA2/doAur5Ol8+iM3Ov7qy3jYcr/QiJ2eDTdRF4dfbjG7AaaB99J5G+zSl11ljbl6cIcahgPY6SKb3sC3EJ0fw==",
      "requires": {
        "handlebars": "^4.5.3"
      }
    },
    "html-entities": {
      "version": "1.2.1",
      "resolved": "https://registry.npmjs.org/html-entities/-/html-entities-1.2.1.tgz",
      "integrity": "sha1-DfKTUfByEWNRXfueVUPl9u7VFi8="
    },
    "inflight": {
      "version": "1.0.6",
      "resolved": "https://registry.npmjs.org/inflight/-/inflight-1.0.6.tgz",
      "integrity": "sha1-Sb1jMdfQLQwJvJEKEHW6gWW1bfk=",
      "dev": true,
      "requires": {
        "once": "^1.3.0",
        "wrappy": "1"
      }
    },
    "inherits": {
      "version": "2.0.4",
      "resolved": "https://registry.npmjs.org/inherits/-/inherits-2.0.4.tgz",
      "integrity": "sha512-k/vGaX4/Yla3WzyMCvTQOXYeIHvqOKtnqBduzTHpzpQZzAskKMhZ2K+EnBiSM9zGSoIFeMpXKxa4dYeZIQqewQ==",
      "dev": true
    },
    "is-buffer": {
      "version": "1.1.6",
      "resolved": "https://registry.npmjs.org/is-buffer/-/is-buffer-1.1.6.tgz",
      "integrity": "sha512-NcdALwpXkTm5Zvvbk7owOUSvVvBKDgKP5/ewfXEznmQFfs4ZRmanOeKBTjRVjka3QFoN6XJ+9F3USqfHqTaU5w=="
    },
    "jasmine": {
      "version": "3.5.0",
      "resolved": "https://registry.npmjs.org/jasmine/-/jasmine-3.5.0.tgz",
      "integrity": "sha512-DYypSryORqzsGoMazemIHUfMkXM7I7easFaxAvNM3Mr6Xz3Fy36TupTrAOxZWN8MVKEU5xECv22J4tUQf3uBzQ==",
      "dev": true,
      "requires": {
        "glob": "^7.1.4",
        "jasmine-core": "~3.5.0"
      }
    },
    "jasmine-core": {
      "version": "3.5.0",
      "resolved": "https://registry.npmjs.org/jasmine-core/-/jasmine-core-3.5.0.tgz",
      "integrity": "sha512-nCeAiw37MIMA9w9IXso7bRaLl+c/ef3wnxsoSAlYrzS+Ot0zTG6nU8G/cIfGkqpkjX2wNaIW9RFG0TwIFnG6bA==",
      "dev": true
    },
    "json-stringify-safe": {
      "version": "5.0.1",
      "resolved": "https://registry.npmjs.org/json-stringify-safe/-/json-stringify-safe-5.0.1.tgz",
      "integrity": "sha1-Epai1Y/UXxmg9s4B1lcB4sc1tus="
    },
    "jsonfile": {
      "version": "4.0.0",
      "resolved": "https://registry.npmjs.org/jsonfile/-/jsonfile-4.0.0.tgz",
      "integrity": "sha1-h3Gq4HmbZAdrdmQPygWPnBDjPss=",
      "requires": {
        "graceful-fs": "^4.1.6"
      }
    },
    "katex": {
      "version": "0.11.1",
      "resolved": "https://registry.npmjs.org/katex/-/katex-0.11.1.tgz",
      "integrity": "sha512-5oANDICCTX0NqYIyAiFCCwjQ7ERu3DQG2JFHLbYOf+fXaMoH8eg/zOq5WSYJsKMi/QebW+Eh3gSM+oss1H/bww==",
      "requires": {
        "commander": "^2.19.0"
      }
    },
    "linkify-it": {
      "version": "2.2.0",
      "resolved": "https://registry.npmjs.org/linkify-it/-/linkify-it-2.2.0.tgz",
      "integrity": "sha512-GnAl/knGn+i1U/wjBz3akz2stz+HrHLsxMwHQGofCDfPvlf+gDKN58UtfmUquTY4/MXeE2x7k19KQmeoZi94Iw==",
      "requires": {
        "uc.micro": "^1.0.1"
      }
    },
    "markdown-it": {
      "version": "10.0.0",
      "resolved": "https://registry.npmjs.org/markdown-it/-/markdown-it-10.0.0.tgz",
      "integrity": "sha512-YWOP1j7UbDNz+TumYP1kpwnP0aEa711cJjrAQrzd0UXlbJfc5aAq0F/PZHjiioqDC1NKgvIMX+o+9Bk7yuM2dg==",
      "requires": {
        "argparse": "^1.0.7",
        "entities": "~2.0.0",
        "linkify-it": "^2.0.0",
        "mdurl": "^1.0.1",
        "uc.micro": "^1.0.5"
      }
    },
    "markdown-it-abbr": {
      "version": "1.0.4",
      "resolved": "https://registry.npmjs.org/markdown-it-abbr/-/markdown-it-abbr-1.0.4.tgz",
      "integrity": "sha1-1mtTZFIcuz3Yqlna37ovtoZcj9g="
    },
    "markdown-it-anchor": {
      "version": "5.2.5",
      "resolved": "https://registry.npmjs.org/markdown-it-anchor/-/markdown-it-anchor-5.2.5.tgz",
      "integrity": "sha512-xLIjLQmtym3QpoY9llBgApknl7pxAcN3WDRc2d3rwpl+/YvDZHPmKscGs+L6E05xf2KrCXPBvosWt7MZukwSpQ=="
    },
    "markdown-it-deflist": {
      "version": "2.0.3",
      "resolved": "https://registry.npmjs.org/markdown-it-deflist/-/markdown-it-deflist-2.0.3.tgz",
      "integrity": "sha512-/BNZ8ksW42bflm1qQLnRI09oqU2847Z7MVavrR0MORyKLtiUYOMpwtlAfMSZAQU9UCvaUZMpgVAqoS3vpToJxw=="
    },
    "markdown-it-emoji": {
      "version": "1.4.0",
      "resolved": "https://registry.npmjs.org/markdown-it-emoji/-/markdown-it-emoji-1.4.0.tgz",
      "integrity": "sha1-m+4OmpkKljupbfaYDE/dsF37Tcw="
    },
    "markdown-it-footnote": {
      "version": "3.0.2",
      "resolved": "https://registry.npmjs.org/markdown-it-footnote/-/markdown-it-footnote-3.0.2.tgz",
      "integrity": "sha512-JVW6fCmZWjvMdDQSbOT3nnOQtd9iAXmw7hTSh26+v42BnvXeVyGMDBm5b/EZocMed2MbCAHiTX632vY0FyGB8A=="
    },
    "markdown-it-ins": {
      "version": "3.0.0",
      "resolved": "https://registry.npmjs.org/markdown-it-ins/-/markdown-it-ins-3.0.0.tgz",
      "integrity": "sha512-+vyAdBuMGwmT2yMlAFJSx2VR/0QZ1onQ/Mkkmr4l9tDFOh5sVoAgRbkgbuSsk+sxJ9vaMH/IQ323ydfvQrPO/Q=="
    },
    "markdown-it-mark": {
      "version": "3.0.0",
      "resolved": "https://registry.npmjs.org/markdown-it-mark/-/markdown-it-mark-3.0.0.tgz",
      "integrity": "sha512-HqMWeKfMMOu4zBO0emmxsoMWmbf2cPKZY1wP6FsTbKmicFfp5y4L3KXAsNeO1rM6NTJVOrNlLKMPjWzriBGspw=="
    },
    "markdown-it-multimd-table": {
      "version": "4.0.1",
      "resolved": "https://registry.npmjs.org/markdown-it-multimd-table/-/markdown-it-multimd-table-4.0.1.tgz",
      "integrity": "sha512-ZgRV8LlGz6JXTZ5zd82yCL8IVG5MRastMWxxrc6hQC8aC8kq/7zpp+ksBqVqcdTmTdabnkuSo/7h3SyKM31YCA==",
      "requires": {
        "markdown-it": "^8.4.2"
      },
      "dependencies": {
        "entities": {
          "version": "1.1.2",
          "resolved": "https://registry.npmjs.org/entities/-/entities-1.1.2.tgz",
          "integrity": "sha512-f2LZMYl1Fzu7YSBKg+RoROelpOaNrcGmE9AZubeDfrCEia483oW4MI4VyFd5VNHIgQ/7qm1I0wUHK1eJnn2y2w=="
        },
        "markdown-it": {
          "version": "8.4.2",
          "resolved": "https://registry.npmjs.org/markdown-it/-/markdown-it-8.4.2.tgz",
          "integrity": "sha512-GcRz3AWTqSUphY3vsUqQSFMbgR38a4Lh3GWlHRh/7MRwz8mcu9n2IO7HOh+bXHrR9kOPDl5RNCaEsrneb+xhHQ==",
          "requires": {
            "argparse": "^1.0.7",
            "entities": "~1.1.1",
            "linkify-it": "^2.0.0",
            "mdurl": "^1.0.1",
            "uc.micro": "^1.0.5"
          }
        }
      }
    },
    "markdown-it-sub": {
      "version": "1.0.0",
      "resolved": "https://registry.npmjs.org/markdown-it-sub/-/markdown-it-sub-1.0.0.tgz",
      "integrity": "sha1-N1/WAm6ufdywEkl/ZBEZXqHjr+g="
    },
    "markdown-it-sup": {
      "version": "1.0.0",
      "resolved": "https://registry.npmjs.org/markdown-it-sup/-/markdown-it-sup-1.0.0.tgz",
      "integrity": "sha1-y5yf+RpSVawI8/09YyhuFd8KH8M="
    },
    "markdown-it-toc-done-right": {
      "version": "4.1.0",
      "resolved": "https://registry.npmjs.org/markdown-it-toc-done-right/-/markdown-it-toc-done-right-4.1.0.tgz",
      "integrity": "sha512-UhD2Oj6cZV3ycYPoelt4hTkwKIK3zbPP1wjjdpCq7UGtWQOFalDFDv1s2zBYV6aR2gMs/X8kpJcOYsQmUbiXDw=="
    },
    "md5": {
      "version": "2.2.1",
      "resolved": "https://registry.npmjs.org/md5/-/md5-2.2.1.tgz",
      "integrity": "sha1-U6s41f48iJG6RlMp6iP6wFQBJvk=",
      "requires": {
        "charenc": "~0.0.1",
        "crypt": "~0.0.1",
        "is-buffer": "~1.1.1"
      }
    },
    "mdurl": {
      "version": "1.0.1",
      "resolved": "https://registry.npmjs.org/mdurl/-/mdurl-1.0.1.tgz",
      "integrity": "sha1-/oWy7HWlkDfyrf7BAP1sYBdhFS4="
    },
    "minimatch": {
      "version": "3.0.4",
      "resolved": "https://registry.npmjs.org/minimatch/-/minimatch-3.0.4.tgz",
      "integrity": "sha512-yJHVQEhyqPLUTgt9B83PXu6W3rx4MvvHvSUvToogpwoGDOUQ+yDrR0HRot+yOCdCO7u4hX3pWft6kWBBcqh0UA==",
      "dev": true,
      "requires": {
        "brace-expansion": "^1.1.7"
      }
    },
    "minimist": {
      "version": "0.0.10",
      "resolved": "https://registry.npmjs.org/minimist/-/minimist-0.0.10.tgz",
      "integrity": "sha1-3j+YVD2/lggr5IrRoMfNqDYwHc8="
    },
    "neo-async": {
      "version": "2.6.1",
      "resolved": "https://registry.npmjs.org/neo-async/-/neo-async-2.6.1.tgz",
      "integrity": "sha512-iyam8fBuCUpWeKPGpaNMetEocMt364qkCsfL9JuhjXX6dRnguRVOfk2GZaDpPjcOKiiXCPINZC1GczQ7iTq3Zw=="
    },
    "once": {
      "version": "1.4.0",
      "resolved": "https://registry.npmjs.org/once/-/once-1.4.0.tgz",
      "integrity": "sha1-WDsap3WWHUsROsF9nFC6753Xa9E=",
      "dev": true,
      "requires": {
        "wrappy": "1"
      }
    },
    "optimist": {
      "version": "0.6.1",
      "resolved": "https://registry.npmjs.org/optimist/-/optimist-0.6.1.tgz",
      "integrity": "sha1-2j6nRob6IaGaERwybpDrFaAZZoY=",
      "requires": {
        "minimist": "~0.0.1",
        "wordwrap": "~0.0.2"
      }
    },
    "path-is-absolute": {
      "version": "1.0.1",
      "resolved": "https://registry.npmjs.org/path-is-absolute/-/path-is-absolute-1.0.1.tgz",
      "integrity": "sha1-F0uSaHNVNP+8es5r9TpanhtcX18=",
      "dev": true
    },
    "source-map": {
      "version": "0.6.1",
      "resolved": "https://registry.npmjs.org/source-map/-/source-map-0.6.1.tgz",
      "integrity": "sha512-UjgapumWlbMhkBgzT7Ykc5YXUT46F0iKu8SGXq0bcwP5dz/h0Plj6enJqjz1Zbq2l5WaqYnrVbwWOWMyF3F47g=="
    },
    "sprintf-js": {
      "version": "1.0.3",
      "resolved": "https://registry.npmjs.org/sprintf-js/-/sprintf-js-1.0.3.tgz",
      "integrity": "sha1-BOaSb2YolTVPPdAVIDYzuFcpfiw="
    },
    "uc.micro": {
      "version": "1.0.6",
      "resolved": "https://registry.npmjs.org/uc.micro/-/uc.micro-1.0.6.tgz",
      "integrity": "sha512-8Y75pvTYkLJW2hWQHXxoqRgV7qb9B+9vFEtidML+7koHUFapnVJAZ6cKs+Qjz5Aw3aZWHMC6u0wJE3At+nSGwA=="
    },
    "uglify-js": {
      "version": "3.7.2",
      "resolved": "https://registry.npmjs.org/uglify-js/-/uglify-js-3.7.2.tgz",
      "integrity": "sha512-uhRwZcANNWVLrxLfNFEdltoPNhECUR3lc+UdJoG9CBpMcSnKyWA94tc3eAujB1GcMY5Uwq8ZMp4qWpxWYDQmaA==",
      "optional": true,
      "requires": {
        "commander": "~2.20.3",
        "source-map": "~0.6.1"
      }
    },
    "universalify": {
      "version": "0.1.2",
      "resolved": "https://registry.npmjs.org/universalify/-/universalify-0.1.2.tgz",
      "integrity": "sha512-rBJeI5CXAlmy1pV+617WB9J63U6XcazHHF2f2dbJix4XzpUF0RS3Zbj0FGIOCAva5P/d/GBOYaACQ1w+0azUkg=="
    },
    "unorm": {
      "version": "1.6.0",
      "resolved": "https://registry.npmjs.org/unorm/-/unorm-1.6.0.tgz",
      "integrity": "sha512-b2/KCUlYZUeA7JFUuRJZPUtr4gZvBh7tavtv4fvk4+KV9pfGiR6CQAQAWl49ZpR3ts2dk4FYkP7EIgDJoiOLDA=="
    },
    "uslug": {
      "version": "1.0.4",
      "resolved": "https://registry.npmjs.org/uslug/-/uslug-1.0.4.tgz",
      "integrity": "sha1-uaIvCRTgqGFAYz2swwLl9PpFBnc=",
      "requires": {
        "unorm": ">= 1.0.0"
      }
    },
    "wordwrap": {
      "version": "0.0.3",
      "resolved": "https://registry.npmjs.org/wordwrap/-/wordwrap-0.0.3.tgz",
      "integrity": "sha1-o9XabNXAvAAI03I0u68b7WMFkQc="
    },
    "wrappy": {
      "version": "1.0.2",
      "resolved": "https://registry.npmjs.org/wrappy/-/wrappy-1.0.2.tgz",
      "integrity": "sha1-tSQ9jz7BqjXxNkYFvA0QNuMKtp8=",
      "dev": true
    }
  }
}
