{
  "name": "tools",
  "version": "1.0.0",
  "lockfileVersion": 1,
  "requires": true,
  "dependencies": {
    "app-module-path": {
      "version": "2.2.0",
      "resolved": "https://registry.npmjs.org/app-module-path/-/app-module-path-2.2.0.tgz",
      "integrity": "sha1-ZBqlXft9am8KgUHEucCqULbCTdU="
    },
    "encoding": {
      "version": "0.1.12",
      "resolved": "https://registry.npmjs.org/encoding/-/encoding-0.1.12.tgz",
      "integrity": "sha1-U4tm8+5izRq1HsMjgp0flIDHS+s=",
      "requires": {
        "iconv-lite": "0.4.19"
      }
    },
    "fs-extra": {
      "version": "4.0.3",
      "resolved": "https://registry.npmjs.org/fs-extra/-/fs-extra-4.0.3.tgz",
      "integrity": "sha512-q6rbdDd1o2mAnQreO7YADIxf/Whx4AHBiRf6d+/cVT8h44ss+lHgxf1FemcqDnQt9X3ct4McHr+JMGlYSsK7Cg==",
      "requires": {
        "graceful-fs": "4.1.11",
        "jsonfile": "4.0.0",
        "universalify": "0.1.1"
      }
    },
    "gettext-parser": {
      "version": "1.3.0",
      "resolved": "https://registry.npmjs.org/gettext-parser/-/gettext-parser-1.3.0.tgz",
      "integrity": "sha512-iloxjcw+uTPnQ8DrGICWtqkHNgk3mAiDI77pLmXQCnhM+BxFQXstzTA4zj3EpIYMysRQnnNzHyHzBUEazz80Sw==",
      "requires": {
        "encoding": "0.1.12",
        "safe-buffer": "5.1.1"
      }
    },
    "graceful-fs": {
      "version": "4.1.11",
      "resolved": "https://registry.npmjs.org/graceful-fs/-/graceful-fs-4.1.11.tgz",
      "integrity": "sha1-Dovf5NHduIVNZOBOp8AOKgJuVlg="
    },
    "iconv-lite": {
      "version": "0.4.19",
      "resolved": "https://registry.npmjs.org/iconv-lite/-/iconv-lite-0.4.19.tgz",
      "integrity": "sha512-oTZqweIP51xaGPI4uPa56/Pri/480R+mo7SeU+YETByQNhDG55ycFyNLIgta9vXhILrxXDmF7ZGhqZIcuN0gJQ=="
    },
    "is-stream": {
      "version": "1.1.0",
      "resolved": "https://registry.npmjs.org/is-stream/-/is-stream-1.1.0.tgz",
      "integrity": "sha1-EtSj3U5o4Lec6428hBc66A2RykQ="
    },
    "jsonfile": {
      "version": "4.0.0",
      "resolved": "https://registry.npmjs.org/jsonfile/-/jsonfile-4.0.0.tgz",
      "integrity": "sha1-h3Gq4HmbZAdrdmQPygWPnBDjPss=",
      "requires": {
        "graceful-fs": "4.1.11"
      }
    },
    "marked": {
      "version": "0.3.7",
      "resolved": "https://registry.npmjs.org/marked/-/marked-0.3.7.tgz",
      "integrity": "sha512-zBEP4qO1YQp5aXHt8S5wTiOv9i2X74V/LQL0zhUNvVaklt6Ywa6lChxIvS+ibYlCGgADwKwZFhjC3+XfpsvQvQ=="
    },
    "mustache": {
      "version": "2.3.0",
      "resolved": "https://registry.npmjs.org/mustache/-/mustache-2.3.0.tgz",
      "integrity": "sha1-QCj3d4sXcIpImTCm5SrDvKDaQdA="
    },
    "node-fetch": {
      "version": "1.7.3",
      "resolved": "https://registry.npmjs.org/node-fetch/-/node-fetch-1.7.3.tgz",
      "integrity": "sha512-NhZ4CsKx7cYm2vSrBAr2PvFOe6sWDf0UYLRqA6svUYg7+/TSfVAu49jYC4BvQ4Sms9SZgdqGBgroqfDhJdTyKQ==",
      "requires": {
        "encoding": "0.1.12",
        "is-stream": "1.1.0"
      }
    },
    "pct-encode": {
      "version": "1.0.2",
      "resolved": "https://registry.npmjs.org/pct-encode/-/pct-encode-1.0.2.tgz",
      "integrity": "sha1-uZt7BE1r18OeSDmnqAEirXUVyqU="
    },
    "safe-buffer": {
      "version": "5.1.1",
      "resolved": "https://registry.npmjs.org/safe-buffer/-/safe-buffer-5.1.1.tgz",
      "integrity": "sha512-kKvNJn6Mm93gAczWVJg7wH+wGYWNrDHdWvpUmHyEsgCtIwwo3bqPtV4tR5tuPaUhTOo/kvhVwd8XwwOllGYkbg=="
    },
    "string-padding": {
      "version": "1.0.2",
      "resolved": "https://registry.npmjs.org/string-padding/-/string-padding-1.0.2.tgz",
      "integrity": "sha1-OqrYVbPpc1xeQS3+chmMz5nH9I4="
    },
    "universalify": {
      "version": "0.1.1",
      "resolved": "https://registry.npmjs.org/universalify/-/universalify-0.1.1.tgz",
      "integrity": "sha1-+nG63UQ3r0wUiEHjs7Fl+enlkLc="
    },
    "uri-template": {
      "version": "1.0.1",
      "resolved": "https://registry.npmjs.org/uri-template/-/uri-template-1.0.1.tgz",
      "integrity": "sha1-FKklo35Nk/diVDKqEWsF5Qyuga0=",
      "requires": {
        "pct-encode": "1.0.2"
      }
    }
  }
}
